{
  "name": "opskins-repricer",
  "version": "1.0.0",
  "lockfileVersion": 1,
  "requires": true,
  "dependencies": {
    "@opskins/api": {
      "version": "1.4.2",
      "resolved": "https://registry.npmjs.org/@opskins/api/-/api-1.4.2.tgz",
      "integrity": "sha512-iMulhGHPoLmmVy9jGePoFv/jUdrNY1IcQ0qeh5TkR1rAQ8C06ixqSSdVmQ+RS5c6mob8GGgwr4TsWHgkaLcPpA=="
    }
  }
}
